{
  "nodes": {
    "alacritty-mac": {
      "inputs": {
        "flake-utils": [
          "flake-utils"
        ],
        "nixpkgs": [
          "nixpkgs"
        ]
      },
      "locked": {
        "dir": "pkgs/alacritty-mac",
        "lastModified": 1648630879,
        "narHash": "sha256-Iw8+TfpVUPHGpgE2ZWPw651hQoY9dL97ZRwXavSwklQ=",
        "owner": "planetbeldar",
        "repo": "mac-overlay",
        "rev": "e40d9f4efffdcd5e10627847ecfde9b62c3298d3",
        "type": "github"
      },
      "original": {
        "dir": "pkgs/alacritty-mac",
        "owner": "planetbeldar",
        "repo": "mac-overlay",
        "type": "github"
      }
    },
    "discord-mac": {
      "inputs": {
        "flake-utils": [
          "flake-utils"
        ],
        "nixpkgs": [
          "nixpkgs"
        ]
      },
      "locked": {
        "dir": "pkgs/discord-mac",
        "lastModified": 1648630879,
        "narHash": "sha256-Iw8+TfpVUPHGpgE2ZWPw651hQoY9dL97ZRwXavSwklQ=",
        "owner": "planetbeldar",
        "repo": "mac-overlay",
        "rev": "e40d9f4efffdcd5e10627847ecfde9b62c3298d3",
        "type": "github"
      },
      "original": {
        "dir": "pkgs/discord-mac",
        "owner": "planetbeldar",
        "repo": "mac-overlay",
        "type": "github"
      }
    },
    "emacs-mac": {
      "inputs": {
        "emacs-src": "emacs-src",
        "emacs-vterm-src": "emacs-vterm-src",
        "flake-utils": [
          "flake-utils"
        ],
        "nixpkgs": [
          "nixpkgs"
        ]
      },
      "locked": {
        "dir": "pkgs/emacs-mac",
        "lastModified": 1648630879,
        "narHash": "sha256-Iw8+TfpVUPHGpgE2ZWPw651hQoY9dL97ZRwXavSwklQ=",
        "owner": "planetbeldar",
        "repo": "mac-overlay",
        "rev": "e40d9f4efffdcd5e10627847ecfde9b62c3298d3",
        "type": "github"
      },
      "original": {
        "dir": "pkgs/emacs-mac",
        "owner": "planetbeldar",
        "repo": "mac-overlay",
        "type": "github"
      }
    },
    "emacs-src": {
      "flake": false,
      "locked": {
        "lastModified": 1637872307,
        "narHash": "sha256-KHscj8TIUkicR3cYsXxQ5pgcdGkvXODirPfeHKEwuLs=",
        "owner": "emacs-mirror",
        "repo": "emacs",
        "rev": "cfaf681d3d292ceccc89c0eaaa47827665115dc6",
        "type": "github"
      },
      "original": {
        "owner": "emacs-mirror",
        "ref": "emacs-28",
        "repo": "emacs",
        "type": "github"
      }
    },
    "emacs-vterm-src": {
      "flake": false,
      "locked": {
        "lastModified": 1631083259,
        "narHash": "sha256-+fl1GUCpAZBOvgMd3akF9EMirp1/K+JyRq0TWKSDeJw=",
        "owner": "akermu",
        "repo": "emacs-libvterm",
        "rev": "2681120b770573044832ba8c22ccbac192e1a294",
        "type": "github"
      },
      "original": {
        "owner": "akermu",
        "repo": "emacs-libvterm",
        "type": "github"
      }
    },
    "flake-utils": {
      "locked": {
        "lastModified": 1648297722,
        "narHash": "sha256-W+qlPsiZd8F3XkzXOzAoR+mpFqzm3ekQkJNa+PIh1BQ=",
        "owner": "numtide",
        "repo": "flake-utils",
        "rev": "0f8662f1319ad6abf89b3380dd2722369fc51ade",
        "type": "github"
      },
      "original": {
        "owner": "numtide",
        "repo": "flake-utils",
        "type": "github"
      }
    },
    "kmonad-mac": {
      "inputs": {
        "flake-utils": [
          "flake-utils"
        ],
        "nixpkgs": [
          "nixpkgs"
        ]
      },
      "locked": {
        "dir": "pkgs/kmonad-mac",
        "lastModified": 1648630879,
        "narHash": "sha256-Iw8+TfpVUPHGpgE2ZWPw651hQoY9dL97ZRwXavSwklQ=",
        "owner": "planetbeldar",
        "repo": "mac-overlay",
        "rev": "e40d9f4efffdcd5e10627847ecfde9b62c3298d3",
        "type": "github"
      },
      "original": {
        "dir": "pkgs/kmonad-mac",
        "owner": "planetbeldar",
        "repo": "mac-overlay",
        "type": "github"
      }
    },
    "macfuse": {
      "inputs": {
        "flake-utils": [
          "flake-utils"
        ],
        "nixpkgs": [
          "nixpkgs"
        ]
      },
      "locked": {
        "dir": "pkgs/macfuse",
        "lastModified": 1648630879,
        "narHash": "sha256-Iw8+TfpVUPHGpgE2ZWPw651hQoY9dL97ZRwXavSwklQ=",
        "owner": "planetbeldar",
        "repo": "mac-overlay",
        "rev": "e40d9f4efffdcd5e10627847ecfde9b62c3298d3",
        "type": "github"
      },
      "original": {
        "dir": "pkgs/macfuse",
        "owner": "planetbeldar",
        "repo": "mac-overlay",
        "type": "github"
      }
    },
    "nixpkgs": {
      "locked": {
        "lastModified": 1648219316,
        "narHash": "sha256-Ctij+dOi0ZZIfX5eMhgwugfvB+WZSrvVNAyAuANOsnQ=",
        "owner": "NixOS",
        "repo": "nixpkgs",
        "rev": "30d3d79b7d3607d56546dd2a6b49e156ba0ec634",
        "type": "github"
      },
      "original": {
        "id": "nixpkgs",
        "ref": "nixpkgs-unstable",
        "type": "indirect"
      }
    },
    "root": {
      "inputs": {
        "alacritty-mac": "alacritty-mac",
        "discord-mac": "discord-mac",
        "emacs-mac": "emacs-mac",
        "flake-utils": "flake-utils",
        "kmonad-mac": "kmonad-mac",
        "macfuse": "macfuse",
        "nixpkgs": "nixpkgs",
        "signal-mac": "signal-mac",
        "sonos-mac": "sonos-mac",
        "spotify-mac": "spotify-mac",
        "xkbswitch": "xkbswitch",
        "yabai": "yabai"
      }
    },
    "signal-mac": {
      "inputs": {
        "flake-utils": [
          "flake-utils"
        ],
        "nixpkgs": [
          "nixpkgs"
        ]
      },
      "locked": {
        "dir": "pkgs/signal-mac",
        "lastModified": 1648630879,
        "narHash": "sha256-Iw8+TfpVUPHGpgE2ZWPw651hQoY9dL97ZRwXavSwklQ=",
        "owner": "planetbeldar",
        "repo": "mac-overlay",
        "rev": "e40d9f4efffdcd5e10627847ecfde9b62c3298d3",
        "type": "github"
      },
      "original": {
        "dir": "pkgs/signal-mac",
        "owner": "planetbeldar",
        "repo": "mac-overlay",
        "type": "github"
      }
    },
    "sonos-mac": {
      "inputs": {
        "flake-utils": [
          "flake-utils"
        ],
        "nixpkgs": [
          "nixpkgs"
        ]
      },
      "locked": {
        "dir": "pkgs/sonos-mac",
        "lastModified": 1648630879,
        "narHash": "sha256-Iw8+TfpVUPHGpgE2ZWPw651hQoY9dL97ZRwXavSwklQ=",
        "owner": "planetbeldar",
        "repo": "mac-overlay",
        "rev": "e40d9f4efffdcd5e10627847ecfde9b62c3298d3",
        "type": "github"
      },
      "original": {
        "dir": "pkgs/sonos-mac",
        "owner": "planetbeldar",
        "repo": "mac-overlay",
        "type": "github"
      }
    },
    "spotify-mac": {
      "inputs": {
        "flake-utils": [
          "flake-utils"
        ],
        "nixpkgs": [
          "nixpkgs"
        ]
      },
      "locked": {
        "dir": "pkgs/spotify-mac",
        "lastModified": 1648630879,
        "narHash": "sha256-Iw8+TfpVUPHGpgE2ZWPw651hQoY9dL97ZRwXavSwklQ=",
        "owner": "planetbeldar",
        "repo": "mac-overlay",
        "rev": "e40d9f4efffdcd5e10627847ecfde9b62c3298d3",
        "type": "github"
      },
      "original": {
        "dir": "pkgs/spotify-mac",
        "owner": "planetbeldar",
        "repo": "mac-overlay",
        "type": "github"
      }
    },
    "xkbswitch": {
      "inputs": {
        "flake-utils": [
          "flake-utils"
        ],
        "nixpkgs": [
          "nixpkgs"
        ]
      },
      "locked": {
        "dir": "pkgs/xkbswitch",
        "lastModified": 1648630879,
        "narHash": "sha256-Iw8+TfpVUPHGpgE2ZWPw651hQoY9dL97ZRwXavSwklQ=",
        "owner": "planetbeldar",
        "repo": "mac-overlay",
        "rev": "e40d9f4efffdcd5e10627847ecfde9b62c3298d3",
        "type": "github"
      },
      "original": {
        "dir": "pkgs/xkbswitch",
        "owner": "planetbeldar",
        "repo": "mac-overlay",
        "type": "github"
      }
    },
    "yabai": {
      "inputs": {
        "flake-utils": [
          "flake-utils"
        ],
        "nixpkgs": [
          "nixpkgs"
        ]
      },
      "locked": {
        "dir": "pkgs/yabai",
        "lastModified": 1648630879,
        "narHash": "sha256-Iw8+TfpVUPHGpgE2ZWPw651hQoY9dL97ZRwXavSwklQ=",
        "owner": "planetbeldar",
        "repo": "mac-overlay",
        "rev": "e40d9f4efffdcd5e10627847ecfde9b62c3298d3",
        "type": "github"
      },
      "original": {
        "dir": "pkgs/yabai",
        "owner": "planetbeldar",
        "repo": "mac-overlay",
        "type": "github"
      }
    }
  },
  "root": "root",
  "version": 7
}
