{
  "nodes": {
    "alacritty-mac": {
      "inputs": {
        "flake-utils": [
          "flake-utils"
        ],
        "nixpkgs": [
          "nixpkgs"
        ]
      },
      "locked": {
        "dir": "pkgs/alacritty-mac",
        "lastModified": 1637745312,
        "narHash": "sha256-qP8y3aQkzcKGJuXELqdwWqzON1Y7yfdrhsqmV69GRAU=",
        "type": "git",
        "url": "file:///Users/planetbeldar/Projects/nix/mac-overlay?dir=pkgs%2falacritty-mac"
      },
      "original": {
        "dir": "pkgs/alacritty-mac",
        "type": "git",
        "url": "file:///Users/planetbeldar/Projects/nix/mac-overlay?dir=pkgs%2falacritty-mac"
      }
    },
    "discord-mac": {
      "inputs": {
        "flake-utils": [
          "flake-utils"
        ],
        "nixpkgs": [
          "nixpkgs"
        ]
      },
      "locked": {
        "dir": "pkgs/discord-mac",
        "lastModified": 1637745312,
        "narHash": "sha256-mqU84kOo/KXgl8bLTUkNCL/MWG7tyRsfUUS197qyWpc=",
        "owner": "planetbeldar",
        "repo": "mac-overlay",
        "rev": "802ef1971386da63d6e61644d4308cea3b6bcc17",
        "type": "github"
      },
      "original": {
        "dir": "pkgs/discord-mac",
        "owner": "planetbeldar",
        "repo": "mac-overlay",
        "type": "github"
      }
    },
    "flake-utils": {
      "locked": {
        "lastModified": 1637014545,
        "narHash": "sha256-26IZAc5yzlD9FlDT54io1oqG/bBoyka+FJk5guaX4x4=",
        "owner": "numtide",
        "repo": "flake-utils",
        "rev": "bba5dcc8e0b20ab664967ad83d24d64cb64ec4f4",
        "type": "github"
      },
      "original": {
        "owner": "numtide",
        "repo": "flake-utils",
        "type": "github"
      }
    },
    "nixpkgs": {
      "locked": {
        "lastModified": 1637593665,
        "narHash": "sha256-R7jKS7A+0tZS8qD5pBr1UFcMiTdsw5bfoxgXbYsoWhM=",
        "owner": "nixos",
        "repo": "nixpkgs",
        "rev": "98747f27ecfee70c8c97b195cbb94df80a074dda",
        "type": "github"
      },
      "original": {
        "owner": "nixos",
        "ref": "nixpkgs-unstable",
        "repo": "nixpkgs",
        "type": "github"
      }
    },
    "root": {
      "inputs": {
        "alacritty-mac": "alacritty-mac",
        "discord-mac": "discord-mac",
        "flake-utils": "flake-utils",
        "nixpkgs": "nixpkgs",
        "sonos-mac": "sonos-mac",
        "spotify-mac": "spotify-mac",
        "xkbswitch-mac": "xkbswitch-mac"
      }
    },
    "sonos-mac": {
      "inputs": {
        "flake-utils": [
          "flake-utils"
        ],
        "nixpkgs": [
          "nixpkgs"
        ]
      },
      "locked": {
        "dir": "pkgs/sonos-mac",
        "lastModified": 1637745312,
        "narHash": "sha256-mqU84kOo/KXgl8bLTUkNCL/MWG7tyRsfUUS197qyWpc=",
        "owner": "planetbeldar",
        "repo": "mac-overlay",
        "rev": "802ef1971386da63d6e61644d4308cea3b6bcc17",
        "type": "github"
      },
      "original": {
        "dir": "pkgs/sonos-mac",
        "owner": "planetbeldar",
        "repo": "mac-overlay",
        "type": "github"
      }
    },
    "spotify-mac": {
      "inputs": {
        "flake-utils": [
          "flake-utils"
        ],
        "nixpkgs": [
          "nixpkgs"
        ]
      },
      "locked": {
        "dir": "pkgs/spotify-mac",
        "lastModified": 1637745312,
        "narHash": "sha256-mqU84kOo/KXgl8bLTUkNCL/MWG7tyRsfUUS197qyWpc=",
        "owner": "planetbeldar",
        "repo": "mac-overlay",
        "rev": "802ef1971386da63d6e61644d4308cea3b6bcc17",
        "type": "github"
      },
      "original": {
        "dir": "pkgs/spotify-mac",
        "owner": "planetbeldar",
        "repo": "mac-overlay",
        "type": "github"
      }
    },
    "xkbswitch-mac": {
      "inputs": {
        "flake-utils": [
          "flake-utils"
        ],
        "nixpkgs": [
          "nixpkgs"
        ]
      },
      "locked": {
        "dir": "pkgs/xkbswitch-mac",
        "lastModified": 1637745312,
        "narHash": "sha256-mqU84kOo/KXgl8bLTUkNCL/MWG7tyRsfUUS197qyWpc=",
        "owner": "planetbeldar",
        "repo": "mac-overlay",
        "rev": "802ef1971386da63d6e61644d4308cea3b6bcc17",
        "type": "github"
      },
      "original": {
        "dir": "pkgs/xkbswitch-mac",
        "owner": "planetbeldar",
        "repo": "mac-overlay",
        "type": "github"
      }
    }
  },
  "root": "root",
  "version": 7
}
