{
  "nodes": {
    "alacritty-mac": {
      "inputs": {
        "flake-utils": [
          "flake-utils"
        ],
        "nixpkgs": [
          "nixpkgs"
        ]
      },
      "locked": {
        "dir": "pkgs/alacritty-mac",
        "lastModified": 1648669396,
        "narHash": "sha256-ZGr/u22wkXAy3pAvQwpKqxh9laT8A4Hs6ERpXDjibh8=",
        "owner": "planetbeldar",
        "repo": "mac-overlay",
        "rev": "e151f7dc1aa263c0fea74ac8f1fcd248ec21d0cf",
        "type": "github"
      },
      "original": {
        "dir": "pkgs/alacritty-mac",
        "owner": "planetbeldar",
        "repo": "mac-overlay",
        "type": "github"
      }
    },
    "discord-mac": {
      "inputs": {
        "flake-utils": [
          "flake-utils"
        ],
        "nixpkgs": [
          "nixpkgs"
        ]
      },
      "locked": {
        "dir": "pkgs/discord-mac",
        "lastModified": 1648669396,
        "narHash": "sha256-ZGr/u22wkXAy3pAvQwpKqxh9laT8A4Hs6ERpXDjibh8=",
        "owner": "planetbeldar",
        "repo": "mac-overlay",
        "rev": "e151f7dc1aa263c0fea74ac8f1fcd248ec21d0cf",
        "type": "github"
      },
      "original": {
        "dir": "pkgs/discord-mac",
        "owner": "planetbeldar",
        "repo": "mac-overlay",
        "type": "github"
      }
    },
    "emacs-mac": {
      "inputs": {
        "emacs-src": "emacs-src",
        "emacs-vterm-src": "emacs-vterm-src",
        "flake-utils": [
          "flake-utils"
        ],
        "nixpkgs": [
          "nixpkgs"
        ]
      },
      "locked": {
        "dir": "pkgs/emacs-mac",
        "lastModified": 1648669396,
        "narHash": "sha256-ZGr/u22wkXAy3pAvQwpKqxh9laT8A4Hs6ERpXDjibh8=",
        "owner": "planetbeldar",
        "repo": "mac-overlay",
        "rev": "e151f7dc1aa263c0fea74ac8f1fcd248ec21d0cf",
        "type": "github"
      },
      "original": {
        "dir": "pkgs/emacs-mac",
        "owner": "planetbeldar",
        "repo": "mac-overlay",
        "type": "github"
      }
    },
    "emacs-src": {
      "flake": false,
      "locked": {
        "lastModified": 1648662541,
        "narHash": "sha256-UwESuk8hDULYnrpinouzWw1R3C+drpYLMp4rXcvd4LA=",
        "owner": "emacs-mirror",
        "repo": "emacs",
        "rev": "03e6a295d5c46151361845afbf5c8bcae915c89f",
        "type": "github"
      },
      "original": {
        "owner": "emacs-mirror",
        "ref": "emacs-28",
        "repo": "emacs",
        "type": "github"
      }
    },
    "emacs-vterm-src": {
      "flake": false,
      "locked": {
        "lastModified": 1640506671,
        "narHash": "sha256-uSzIDmRNk7u5VtCXYu+JVN7Gzkc65axCiK0Jq0X6MWQ=",
        "owner": "akermu",
        "repo": "emacs-libvterm",
        "rev": "a940dd2ee8a82684860e320c0f6d5e15d31d916f",
        "type": "github"
      },
      "original": {
        "owner": "akermu",
        "repo": "emacs-libvterm",
        "type": "github"
      }
    },
    "flake-utils": {
      "locked": {
        "lastModified": 1648297722,
        "narHash": "sha256-W+qlPsiZd8F3XkzXOzAoR+mpFqzm3ekQkJNa+PIh1BQ=",
        "owner": "numtide",
        "repo": "flake-utils",
        "rev": "0f8662f1319ad6abf89b3380dd2722369fc51ade",
        "type": "github"
      },
      "original": {
        "owner": "numtide",
        "repo": "flake-utils",
        "type": "github"
      }
    },
    "kmonad-mac": {
      "inputs": {
        "flake-utils": [
          "flake-utils"
        ],
        "nixpkgs": [
          "nixpkgs"
        ]
      },
      "locked": {
        "dir": "pkgs/kmonad-mac",
        "lastModified": 1648669396,
        "narHash": "sha256-ZGr/u22wkXAy3pAvQwpKqxh9laT8A4Hs6ERpXDjibh8=",
        "owner": "planetbeldar",
        "repo": "mac-overlay",
        "rev": "e151f7dc1aa263c0fea74ac8f1fcd248ec21d0cf",
        "type": "github"
      },
      "original": {
        "dir": "pkgs/kmonad-mac",
        "owner": "planetbeldar",
        "repo": "mac-overlay",
        "type": "github"
      }
    },
    "macfuse": {
      "inputs": {
        "flake-utils": [
          "flake-utils"
        ],
        "nixpkgs": [
          "nixpkgs"
        ]
      },
      "locked": {
        "dir": "pkgs/macfuse",
        "lastModified": 1648669396,
        "narHash": "sha256-ZGr/u22wkXAy3pAvQwpKqxh9laT8A4Hs6ERpXDjibh8=",
        "owner": "planetbeldar",
        "repo": "mac-overlay",
        "rev": "e151f7dc1aa263c0fea74ac8f1fcd248ec21d0cf",
        "type": "github"
      },
      "original": {
        "dir": "pkgs/macfuse",
        "owner": "planetbeldar",
        "repo": "mac-overlay",
        "type": "github"
      }
    },
    "nixpkgs": {
      "locked": {
        "lastModified": 1648219316,
        "narHash": "sha256-Ctij+dOi0ZZIfX5eMhgwugfvB+WZSrvVNAyAuANOsnQ=",
        "owner": "NixOS",
        "repo": "nixpkgs",
        "rev": "30d3d79b7d3607d56546dd2a6b49e156ba0ec634",
        "type": "github"
      },
      "original": {
        "id": "nixpkgs",
        "ref": "nixpkgs-unstable",
        "type": "indirect"
      }
    },
    "pgadmin4-mac": {
      "inputs": {
        "flake-utils": [
          "flake-utils"
        ],
        "nixpkgs": [
          "nixpkgs"
        ]
      },
      "locked": {
        "dir": "pkgs/pgadmin4-mac",
        "lastModified": 1648669396,
        "narHash": "sha256-ZGr/u22wkXAy3pAvQwpKqxh9laT8A4Hs6ERpXDjibh8=",
        "owner": "planetbeldar",
        "repo": "mac-overlay",
        "rev": "e151f7dc1aa263c0fea74ac8f1fcd248ec21d0cf",
        "type": "github"
      },
      "original": {
        "dir": "pkgs/pgadmin4-mac",
        "owner": "planetbeldar",
        "repo": "mac-overlay",
        "type": "github"
      }
    },
    "root": {
      "inputs": {
        "alacritty-mac": "alacritty-mac",
        "discord-mac": "discord-mac",
        "emacs-mac": "emacs-mac",
        "flake-utils": "flake-utils",
        "kmonad-mac": "kmonad-mac",
        "macfuse": "macfuse",
        "nixpkgs": "nixpkgs",
        "pgadmin4-mac": "pgadmin4-mac",
        "signal-mac": "signal-mac",
        "sonos-mac": "sonos-mac",
        "spotify-mac": "spotify-mac",
        "xkbswitch": "xkbswitch",
        "yabai": "yabai"
      }
    },
    "signal-mac": {
      "inputs": {
        "flake-utils": [
          "flake-utils"
        ],
        "nixpkgs": [
          "nixpkgs"
        ]
      },
      "locked": {
        "dir": "pkgs/signal-mac",
        "lastModified": 1648669396,
        "narHash": "sha256-ZGr/u22wkXAy3pAvQwpKqxh9laT8A4Hs6ERpXDjibh8=",
        "owner": "planetbeldar",
        "repo": "mac-overlay",
        "rev": "e151f7dc1aa263c0fea74ac8f1fcd248ec21d0cf",
        "type": "github"
      },
      "original": {
        "dir": "pkgs/signal-mac",
        "owner": "planetbeldar",
        "repo": "mac-overlay",
        "type": "github"
      }
    },
    "sonos-mac": {
      "inputs": {
        "flake-utils": [
          "flake-utils"
        ],
        "nixpkgs": [
          "nixpkgs"
        ]
      },
      "locked": {
        "dir": "pkgs/sonos-mac",
        "lastModified": 1648669396,
        "narHash": "sha256-ZGr/u22wkXAy3pAvQwpKqxh9laT8A4Hs6ERpXDjibh8=",
        "owner": "planetbeldar",
        "repo": "mac-overlay",
        "rev": "e151f7dc1aa263c0fea74ac8f1fcd248ec21d0cf",
        "type": "github"
      },
      "original": {
        "dir": "pkgs/sonos-mac",
        "owner": "planetbeldar",
        "repo": "mac-overlay",
        "type": "github"
      }
    },
    "spotify-mac": {
      "inputs": {
        "flake-utils": [
          "flake-utils"
        ],
        "nixpkgs": [
          "nixpkgs"
        ]
      },
      "locked": {
        "dir": "pkgs/spotify-mac",
        "lastModified": 1648669396,
        "narHash": "sha256-ZGr/u22wkXAy3pAvQwpKqxh9laT8A4Hs6ERpXDjibh8=",
        "owner": "planetbeldar",
        "repo": "mac-overlay",
        "rev": "e151f7dc1aa263c0fea74ac8f1fcd248ec21d0cf",
        "type": "github"
      },
      "original": {
        "dir": "pkgs/spotify-mac",
        "owner": "planetbeldar",
        "repo": "mac-overlay",
        "type": "github"
      }
    },
    "xkbswitch": {
      "inputs": {
        "flake-utils": [
          "flake-utils"
        ],
        "nixpkgs": [
          "nixpkgs"
        ]
      },
      "locked": {
        "dir": "pkgs/xkbswitch",
        "lastModified": 1648669396,
        "narHash": "sha256-ZGr/u22wkXAy3pAvQwpKqxh9laT8A4Hs6ERpXDjibh8=",
        "owner": "planetbeldar",
        "repo": "mac-overlay",
        "rev": "e151f7dc1aa263c0fea74ac8f1fcd248ec21d0cf",
        "type": "github"
      },
      "original": {
        "dir": "pkgs/xkbswitch",
        "owner": "planetbeldar",
        "repo": "mac-overlay",
        "type": "github"
      }
    },
    "yabai": {
      "inputs": {
        "flake-utils": [
          "flake-utils"
        ],
        "nixpkgs": [
          "nixpkgs"
        ]
      },
      "locked": {
        "dir": "pkgs/yabai",
        "lastModified": 1648669396,
        "narHash": "sha256-ZGr/u22wkXAy3pAvQwpKqxh9laT8A4Hs6ERpXDjibh8=",
        "owner": "planetbeldar",
        "repo": "mac-overlay",
        "rev": "e151f7dc1aa263c0fea74ac8f1fcd248ec21d0cf",
        "type": "github"
      },
      "original": {
        "dir": "pkgs/yabai",
        "owner": "planetbeldar",
        "repo": "mac-overlay",
        "type": "github"
      }
    }
  },
  "root": "root",
  "version": 7
}
